
Microsoft Visual Studio Solution File, Format Version 12.00
# Visual Studio 15
VisualStudioVersion = 15.0.28307.572
MinimumVisualStudioVersion = 10.0.40219.1
Project("{FAE04EC0-301F-11D3-BF4B-00C04F79EFBC}") = "ADO_NetToMySqlTest", "ADO_NetToMySqlTest\ADO_NetToMySqlTest.csproj", "{ABC6F5FD-7789-4AAE-BB1A-F7C07060E034}"
EndProject
Global
	GlobalSection(SolutionConfigurationPlatforms) = preSolution
		Debug|Any CPU = Debug|Any CPU
		Release|Any CPU = Release|Any CPU
	EndGlobalSection
	GlobalSection(ProjectConfigurationPlatforms) = postSolution
		{ABC6F5FD-7789-4AAE-BB1A-F7C07060E034}.Debug|Any CPU.ActiveCfg = Debug|Any CPU
		{ABC6F5FD-7789-4AAE-BB1A-F7C07060E034}.Debug|Any CPU.Build.0 = Debug|Any CPU
		{ABC6F5FD-7789-4AAE-BB1A-F7C07060E034}.Release|Any CPU.ActiveCfg = Release|Any CPU
		{ABC6F5FD-7789-4AAE-BB1A-F7C07060E034}.Release|Any CPU.Build.0 = Release|Any CPU
	EndGlobalSection
	GlobalSection(SolutionProperties) = preSolution
		HideSolutionNode = FALSE
	EndGlobalSection
	GlobalSection(ExtensibilityGlobals) = postSolution
		SolutionGuid = {36290E1E-27C6-4ABF-B863-E0D371204926}
	EndGlobalSection
EndGlobal
